// !$*UTF8*$!
{
	archiveVersion = 1;
	classes = {
	};
	objectVersion = 56;
	objects = {

/* Begin PBXBuildFile section */
		2D26826C2981F727007CC4FE /* AppDelegate.swift in Sources */ = {isa = PBXBuildFile; fileRef = 2D26826B2981F727007CC4FE /* AppDelegate.swift */; };
		2D26826E2981F727007CC4FE /* SceneDelegate.swift in Sources */ = {isa = PBXBuildFile; fileRef = 2D26826D2981F727007CC4FE /* SceneDelegate.swift */; };
		2D2682752981F728007CC4FE /* Assets.xcassets in Resources */ = {isa = PBXBuildFile; fileRef = 2D2682742981F728007CC4FE /* Assets.xcassets */; };
		2D2682782981F728007CC4FE /* LaunchScreen.storyboard in Resources */ = {isa = PBXBuildFile; fileRef = 2D2682762981F728007CC4FE /* LaunchScreen.storyboard */; };
		2D2682872981F7FC007CC4FE /* AppContainer.swift in Sources */ = {isa = PBXBuildFile; fileRef = 2D2682862981F7FC007CC4FE /* AppContainer.swift */; };
		2D2682892981F827007CC4FE /* AppRouter.swift in Sources */ = {isa = PBXBuildFile; fileRef = 2D2682882981F827007CC4FE /* AppRouter.swift */; };
		2D26828B2981F8F0007CC4FE /* MainTabBarController.swift in Sources */ = {isa = PBXBuildFile; fileRef = 2D26828A2981F8F0007CC4FE /* MainTabBarController.swift */; };
		2D26828D2981F967007CC4FE /* SearchViewController.swift in Sources */ = {isa = PBXBuildFile; fileRef = 2D26828C2981F967007CC4FE /* SearchViewController.swift */; };
		2D26828F2981F96F007CC4FE /* FavoritesViewController.swift in Sources */ = {isa = PBXBuildFile; fileRef = 2D26828E2981F96F007CC4FE /* FavoritesViewController.swift */; };
		2D2682922981FA7C007CC4FE /* SnapKit in Frameworks */ = {isa = PBXBuildFile; productRef = 2D2682912981FA7C007CC4FE /* SnapKit */; };
		2D2682942981FB09007CC4FE /* AppColors.swift in Sources */ = {isa = PBXBuildFile; fileRef = 2D2682932981FB09007CC4FE /* AppColors.swift */; };
		2D2682962981FB7F007CC4FE /* SearchSceneView.swift in Sources */ = {isa = PBXBuildFile; fileRef = 2D2682952981FB7F007CC4FE /* SearchSceneView.swift */; };
		2D2682992981FD46007CC4FE /* UIView+.swift in Sources */ = {isa = PBXBuildFile; fileRef = 2D2682982981FD46007CC4FE /* UIView+.swift */; };
		2D26829B2981FE28007CC4FE /* GFButton.swift in Sources */ = {isa = PBXBuildFile; fileRef = 2D26829A2981FE28007CC4FE /* GFButton.swift */; };
		2D2682A029820674007CC4FE /* SearchSceneDelegate.swift in Sources */ = {isa = PBXBuildFile; fileRef = 2D26829F29820674007CC4FE /* SearchSceneDelegate.swift */; };
		2D2682A2298207C4007CC4FE /* GFAlertViewController.swift in Sources */ = {isa = PBXBuildFile; fileRef = 2D2682A1298207C3007CC4FE /* GFAlertViewController.swift */; };
		2D2682A5298207E8007CC4FE /* GFBodyLabel.swift in Sources */ = {isa = PBXBuildFile; fileRef = 2D2682A3298207E8007CC4FE /* GFBodyLabel.swift */; };
		2D2682A6298207E8007CC4FE /* GFTitleLabel.swift in Sources */ = {isa = PBXBuildFile; fileRef = 2D2682A4298207E8007CC4FE /* GFTitleLabel.swift */; };
		2D2682A82982080F007CC4FE /* AlertShowable.swift in Sources */ = {isa = PBXBuildFile; fileRef = 2D2682A72982080F007CC4FE /* AlertShowable.swift */; };
/* End PBXBuildFile section */

/* Begin PBXFileReference section */
		2D2682682981F727007CC4FE /* CleanWay-GHFollowers.app */ = {isa = PBXFileReference; explicitFileType = wrapper.application; includeInIndex = 0; path = "CleanWay-GHFollowers.app"; sourceTree = BUILT_PRODUCTS_DIR; };
		2D26826B2981F727007CC4FE /* AppDelegate.swift */ = {isa = PBXFileReference; lastKnownFileType = sourcecode.swift; path = AppDelegate.swift; sourceTree = "<group>"; };
		2D26826D2981F727007CC4FE /* SceneDelegate.swift */ = {isa = PBXFileReference; lastKnownFileType = sourcecode.swift; path = SceneDelegate.swift; sourceTree = "<group>"; };
		2D2682742981F728007CC4FE /* Assets.xcassets */ = {isa = PBXFileReference; lastKnownFileType = folder.assetcatalog; path = Assets.xcassets; sourceTree = "<group>"; };
		2D2682772981F728007CC4FE /* Base */ = {isa = PBXFileReference; lastKnownFileType = file.storyboard; name = Base; path = Base.lproj/LaunchScreen.storyboard; sourceTree = "<group>"; };
		2D2682792981F728007CC4FE /* Info.plist */ = {isa = PBXFileReference; lastKnownFileType = text.plist.xml; path = Info.plist; sourceTree = "<group>"; };
		2D2682862981F7FC007CC4FE /* AppContainer.swift */ = {isa = PBXFileReference; lastKnownFileType = sourcecode.swift; path = AppContainer.swift; sourceTree = "<group>"; };
		2D2682882981F827007CC4FE /* AppRouter.swift */ = {isa = PBXFileReference; lastKnownFileType = sourcecode.swift; path = AppRouter.swift; sourceTree = "<group>"; };
		2D26828A2981F8F0007CC4FE /* MainTabBarController.swift */ = {isa = PBXFileReference; lastKnownFileType = sourcecode.swift; path = MainTabBarController.swift; sourceTree = "<group>"; };
		2D26828C2981F967007CC4FE /* SearchViewController.swift */ = {isa = PBXFileReference; lastKnownFileType = sourcecode.swift; path = SearchViewController.swift; sourceTree = "<group>"; };
		2D26828E2981F96F007CC4FE /* FavoritesViewController.swift */ = {isa = PBXFileReference; lastKnownFileType = sourcecode.swift; path = FavoritesViewController.swift; sourceTree = "<group>"; };
		2D2682932981FB09007CC4FE /* AppColors.swift */ = {isa = PBXFileReference; lastKnownFileType = sourcecode.swift; path = AppColors.swift; sourceTree = "<group>"; };
		2D2682952981FB7F007CC4FE /* SearchSceneView.swift */ = {isa = PBXFileReference; lastKnownFileType = sourcecode.swift; path = SearchSceneView.swift; sourceTree = "<group>"; };
		2D2682982981FD46007CC4FE /* UIView+.swift */ = {isa = PBXFileReference; lastKnownFileType = sourcecode.swift; path = "UIView+.swift"; sourceTree = "<group>"; };
		2D26829A2981FE28007CC4FE /* GFButton.swift */ = {isa = PBXFileReference; lastKnownFileType = sourcecode.swift; path = GFButton.swift; sourceTree = "<group>"; };
		2D26829F29820674007CC4FE /* SearchSceneDelegate.swift */ = {isa = PBXFileReference; lastKnownFileType = sourcecode.swift; path = SearchSceneDelegate.swift; sourceTree = "<group>"; };
		2D2682A1298207C3007CC4FE /* GFAlertViewController.swift */ = {isa = PBXFileReference; lastKnownFileType = sourcecode.swift; path = GFAlertViewController.swift; sourceTree = "<group>"; };
		2D2682A3298207E8007CC4FE /* GFBodyLabel.swift */ = {isa = PBXFileReference; fileEncoding = 4; lastKnownFileType = sourcecode.swift; path = GFBodyLabel.swift; sourceTree = "<group>"; };
		2D2682A4298207E8007CC4FE /* GFTitleLabel.swift */ = {isa = PBXFileReference; fileEncoding = 4; lastKnownFileType = sourcecode.swift; path = GFTitleLabel.swift; sourceTree = "<group>"; };
		2D2682A72982080F007CC4FE /* AlertShowable.swift */ = {isa = PBXFileReference; lastKnownFileType = sourcecode.swift; path = AlertShowable.swift; sourceTree = "<group>"; };
/* End PBXFileReference section */

/* Begin PBXFrameworksBuildPhase section */
		2D2682652981F727007CC4FE /* Frameworks */ = {
			isa = PBXFrameworksBuildPhase;
			buildActionMask = 2147483647;
			files = (
				2D2682922981FA7C007CC4FE /* SnapKit in Frameworks */,
			);
			runOnlyForDeploymentPostprocessing = 0;
		};
/* End PBXFrameworksBuildPhase section */

/* Begin PBXGroup section */
		2D26825F2981F727007CC4FE = {
			isa = PBXGroup;
			children = (
				2D26826A2981F727007CC4FE /* CleanWay-GHFollowers */,
				2D2682692981F727007CC4FE /* Products */,
			);
			sourceTree = "<group>";
		};
		2D2682692981F727007CC4FE /* Products */ = {
			isa = PBXGroup;
			children = (
				2D2682682981F727007CC4FE /* CleanWay-GHFollowers.app */,
			);
			name = Products;
			sourceTree = "<group>";
		};
		2D26826A2981F727007CC4FE /* CleanWay-GHFollowers */ = {
			isa = PBXGroup;
			children = (
				2D2682972981FD40007CC4FE /* Extensions */,
				2D2682802981F759007CC4FE /* Resources */,
				2D2682852981F7CF007CC4FE /* Managers */,
				2D2682842981F79B007CC4FE /* Common */,
				2D26827F2981F74C007CC4FE /* App */,
				2D2682812981F777007CC4FE /* Scenes */,
			);
			path = "CleanWay-GHFollowers";
			sourceTree = "<group>";
		};
		2D26827F2981F74C007CC4FE /* App */ = {
			isa = PBXGroup;
			children = (
				2D26826B2981F727007CC4FE /* AppDelegate.swift */,
				2D26826D2981F727007CC4FE /* SceneDelegate.swift */,
				2D2682862981F7FC007CC4FE /* AppContainer.swift */,
				2D2682882981F827007CC4FE /* AppRouter.swift */,
				2D2682932981FB09007CC4FE /* AppColors.swift */,
			);
			path = App;
			sourceTree = "<group>";
		};
		2D2682802981F759007CC4FE /* Resources */ = {
			isa = PBXGroup;
			children = (
				2D2682742981F728007CC4FE /* Assets.xcassets */,
				2D2682762981F728007CC4FE /* LaunchScreen.storyboard */,
				2D2682792981F728007CC4FE /* Info.plist */,
			);
			path = Resources;
			sourceTree = "<group>";
		};
		2D2682812981F777007CC4FE /* Scenes */ = {
			isa = PBXGroup;
			children = (
				2D2682822981F78A007CC4FE /* Search */,
				2D2682832981F790007CC4FE /* Favorites */,
			);
			path = Scenes;
			sourceTree = "<group>";
		};
		2D2682822981F78A007CC4FE /* Search */ = {
			isa = PBXGroup;
			children = (
				2D26829E29820667007CC4FE /* Protocols */,
				2D6B59A12982098400A1F63C /* Controllers */,
				2D6B59A02982097C00A1F63C /* Views */,
			);
			path = Search;
			sourceTree = "<group>";
		};
		2D2682832981F790007CC4FE /* Favorites */ = {
			isa = PBXGroup;
			children = (
				2D26828E2981F96F007CC4FE /* FavoritesViewController.swift */,
			);
			path = Favorites;
			sourceTree = "<group>";
		};
		2D2682842981F79B007CC4FE /* Common */ = {
			isa = PBXGroup;
			children = (
				2D26828A2981F8F0007CC4FE /* MainTabBarController.swift */,
				2D26829A2981FE28007CC4FE /* GFButton.swift */,
				2D2682A1298207C3007CC4FE /* GFAlertViewController.swift */,
				2D2682A3298207E8007CC4FE /* GFBodyLabel.swift */,
				2D2682A4298207E8007CC4FE /* GFTitleLabel.swift */,
				2D2682A72982080F007CC4FE /* AlertShowable.swift */,
			);
			path = Common;
			sourceTree = "<group>";
		};
		2D2682852981F7CF007CC4FE /* Managers */ = {
			isa = PBXGroup;
			children = (
			);
			path = Managers;
			sourceTree = "<group>";
		};
		2D2682972981FD40007CC4FE /* Extensions */ = {
			isa = PBXGroup;
			children = (
				2D2682982981FD46007CC4FE /* UIView+.swift */,
			);
			path = Extensions;
			sourceTree = "<group>";
		};
		2D26829E29820667007CC4FE /* Protocols */ = {
			isa = PBXGroup;
			children = (
				2D26829F29820674007CC4FE /* SearchSceneDelegate.swift */,
			);
			path = Protocols;
			sourceTree = "<group>";
		};
		2D6B59A02982097C00A1F63C /* Views */ = {
			isa = PBXGroup;
			children = (
				2D2682952981FB7F007CC4FE /* SearchSceneView.swift */,
			);
			path = Views;
			sourceTree = "<group>";
		};
		2D6B59A12982098400A1F63C /* Controllers */ = {
			isa = PBXGroup;
			children = (
				2D26828C2981F967007CC4FE /* SearchViewController.swift */,
			);
			path = Controllers;
			sourceTree = "<group>";
		};
/* End PBXGroup section */

/* Begin PBXNativeTarget section */
		2D2682672981F727007CC4FE /* CleanWay-GHFollowers */ = {
			isa = PBXNativeTarget;
			buildConfigurationList = 2D26827C2981F728007CC4FE /* Build configuration list for PBXNativeTarget "CleanWay-GHFollowers" */;
			buildPhases = (
				2D2682642981F727007CC4FE /* Sources */,
				2D2682652981F727007CC4FE /* Frameworks */,
				2D2682662981F727007CC4FE /* Resources */,
			);
			buildRules = (
			);
			dependencies = (
			);
			name = "CleanWay-GHFollowers";
			packageProductDependencies = (
				2D2682912981FA7C007CC4FE /* SnapKit */,
			);
			productName = "CleanWay-GHFollowers";
			productReference = 2D2682682981F727007CC4FE /* CleanWay-GHFollowers.app */;
			productType = "com.apple.product-type.application";
		};
/* End PBXNativeTarget section */

/* Begin PBXProject section */
		2D2682602981F727007CC4FE /* Project object */ = {
			isa = PBXProject;
			attributes = {
				BuildIndependentTargetsInParallel = 1;
				LastSwiftUpdateCheck = 1420;
				LastUpgradeCheck = 1420;
				TargetAttributes = {
					2D2682672981F727007CC4FE = {
						CreatedOnToolsVersion = 14.2;
					};
				};
			};
			buildConfigurationList = 2D2682632981F727007CC4FE /* Build configuration list for PBXProject "CleanWay-GHFollowers" */;
			compatibilityVersion = "Xcode 14.0";
			developmentRegion = en;
			hasScannedForEncodings = 0;
			knownRegions = (
				en,
				Base,
			);
			mainGroup = 2D26825F2981F727007CC4FE;
			packageReferences = (
				2D2682902981FA7C007CC4FE /* XCRemoteSwiftPackageReference "SnapKit" */,
			);
			productRefGroup = 2D2682692981F727007CC4FE /* Products */;
			projectDirPath = "";
			projectRoot = "";
			targets = (
				2D2682672981F727007CC4FE /* CleanWay-GHFollowers */,
			);
		};
/* End PBXProject section */

/* Begin PBXResourcesBuildPhase section */
		2D2682662981F727007CC4FE /* Resources */ = {
			isa = PBXResourcesBuildPhase;
			buildActionMask = 2147483647;
			files = (
				2D2682782981F728007CC4FE /* LaunchScreen.storyboard in Resources */,
				2D2682752981F728007CC4FE /* Assets.xcassets in Resources */,
			);
			runOnlyForDeploymentPostprocessing = 0;
		};
/* End PBXResourcesBuildPhase section */

/* Begin PBXSourcesBuildPhase section */
		2D2682642981F727007CC4FE /* Sources */ = {
			isa = PBXSourcesBuildPhase;
			buildActionMask = 2147483647;
			files = (
				2D26828D2981F967007CC4FE /* SearchViewController.swift in Sources */,
				2D2682892981F827007CC4FE /* AppRouter.swift in Sources */,
				2D26829B2981FE28007CC4FE /* GFButton.swift in Sources */,
				2D2682A6298207E8007CC4FE /* GFTitleLabel.swift in Sources */,
				2D2682A029820674007CC4FE /* SearchSceneDelegate.swift in Sources */,
				2D26828F2981F96F007CC4FE /* FavoritesViewController.swift in Sources */,
				2D26826C2981F727007CC4FE /* AppDelegate.swift in Sources */,
				2D2682992981FD46007CC4FE /* UIView+.swift in Sources */,
				2D26828B2981F8F0007CC4FE /* MainTabBarController.swift in Sources */,
				2D2682942981FB09007CC4FE /* AppColors.swift in Sources */,
				2D26826E2981F727007CC4FE /* SceneDelegate.swift in Sources */,
				2D2682A82982080F007CC4FE /* AlertShowable.swift in Sources */,
				2D2682A2298207C4007CC4FE /* GFAlertViewController.swift in Sources */,
				2D2682A5298207E8007CC4FE /* GFBodyLabel.swift in Sources */,
				2D2682962981FB7F007CC4FE /* SearchSceneView.swift in Sources */,
				2D2682872981F7FC007CC4FE /* AppContainer.swift in Sources */,
			);
			runOnlyForDeploymentPostprocessing = 0;
		};
/* End PBXSourcesBuildPhase section */

/* Begin PBXVariantGroup section */
		2D2682762981F728007CC4FE /* LaunchScreen.storyboard */ = {
			isa = PBXVariantGroup;
			children = (
				2D2682772981F728007CC4FE /* Base */,
			);
			name = LaunchScreen.storyboard;
			sourceTree = "<group>";
		};
/* End PBXVariantGroup section */

/* Begin XCBuildConfiguration section */
		2D26827A2981F728007CC4FE /* Debug */ = {
			isa = XCBuildConfiguration;
			buildSettings = {
				ALWAYS_SEARCH_USER_PATHS = NO;
				CLANG_ANALYZER_NONNULL = YES;
				CLANG_ANALYZER_NUMBER_OBJECT_CONVERSION = YES_AGGRESSIVE;
				CLANG_CXX_LANGUAGE_STANDARD = "gnu++20";
				CLANG_ENABLE_MODULES = YES;
				CLANG_ENABLE_OBJC_ARC = YES;
				CLANG_ENABLE_OBJC_WEAK = YES;
				CLANG_WARN_BLOCK_CAPTURE_AUTORELEASING = YES;
				CLANG_WARN_BOOL_CONVERSION = YES;
				CLANG_WARN_COMMA = YES;
				CLANG_WARN_CONSTANT_CONVERSION = YES;
				CLANG_WARN_DEPRECATED_OBJC_IMPLEMENTATIONS = YES;
				CLANG_WARN_DIRECT_OBJC_ISA_USAGE = YES_ERROR;
				CLANG_WARN_DOCUMENTATION_COMMENTS = YES;
				CLANG_WARN_EMPTY_BODY = YES;
				CLANG_WARN_ENUM_CONVERSION = YES;
				CLANG_WARN_INFINITE_RECURSION = YES;
				CLANG_WARN_INT_CONVERSION = YES;
				CLANG_WARN_NON_LITERAL_NULL_CONVERSION = YES;
				CLANG_WARN_OBJC_IMPLICIT_RETAIN_SELF = YES;
				CLANG_WARN_OBJC_LITERAL_CONVERSION = YES;
				CLANG_WARN_OBJC_ROOT_CLASS = YES_ERROR;
				CLANG_WARN_QUOTED_INCLUDE_IN_FRAMEWORK_HEADER = YES;
				CLANG_WARN_RANGE_LOOP_ANALYSIS = YES;
				CLANG_WARN_STRICT_PROTOTYPES = YES;
				CLANG_WARN_SUSPICIOUS_MOVE = YES;
				CLANG_WARN_UNGUARDED_AVAILABILITY = YES_AGGRESSIVE;
				CLANG_WARN_UNREACHABLE_CODE = YES;
				CLANG_WARN__DUPLICATE_METHOD_MATCH = YES;
				COPY_PHASE_STRIP = NO;
				DEBUG_INFORMATION_FORMAT = dwarf;
				ENABLE_STRICT_OBJC_MSGSEND = YES;
				ENABLE_TESTABILITY = YES;
				GCC_C_LANGUAGE_STANDARD = gnu11;
				GCC_DYNAMIC_NO_PIC = NO;
				GCC_NO_COMMON_BLOCKS = YES;
				GCC_OPTIMIZATION_LEVEL = 0;
				GCC_PREPROCESSOR_DEFINITIONS = (
					"DEBUG=1",
					"$(inherited)",
				);
				GCC_WARN_64_TO_32_BIT_CONVERSION = YES;
				GCC_WARN_ABOUT_RETURN_TYPE = YES_ERROR;
				GCC_WARN_UNDECLARED_SELECTOR = YES;
				GCC_WARN_UNINITIALIZED_AUTOS = YES_AGGRESSIVE;
				GCC_WARN_UNUSED_FUNCTION = YES;
				GCC_WARN_UNUSED_VARIABLE = YES;
				IPHONEOS_DEPLOYMENT_TARGET = 16.2;
				MTL_ENABLE_DEBUG_INFO = INCLUDE_SOURCE;
				MTL_FAST_MATH = YES;
				ONLY_ACTIVE_ARCH = YES;
				SDKROOT = iphoneos;
				SWIFT_ACTIVE_COMPILATION_CONDITIONS = DEBUG;
				SWIFT_OPTIMIZATION_LEVEL = "-Onone";
			};
			name = Debug;
		};
		2D26827B2981F728007CC4FE /* Release */ = {
			isa = XCBuildConfiguration;
			buildSettings = {
				ALWAYS_SEARCH_USER_PATHS = NO;
				CLANG_ANALYZER_NONNULL = YES;
				CLANG_ANALYZER_NUMBER_OBJECT_CONVERSION = YES_AGGRESSIVE;
				CLANG_CXX_LANGUAGE_STANDARD = "gnu++20";
				CLANG_ENABLE_MODULES = YES;
				CLANG_ENABLE_OBJC_ARC = YES;
				CLANG_ENABLE_OBJC_WEAK = YES;
				CLANG_WARN_BLOCK_CAPTURE_AUTORELEASING = YES;
				CLANG_WARN_BOOL_CONVERSION = YES;
				CLANG_WARN_COMMA = YES;
				CLANG_WARN_CONSTANT_CONVERSION = YES;
				CLANG_WARN_DEPRECATED_OBJC_IMPLEMENTATIONS = YES;
				CLANG_WARN_DIRECT_OBJC_ISA_USAGE = YES_ERROR;
				CLANG_WARN_DOCUMENTATION_COMMENTS = YES;
				CLANG_WARN_EMPTY_BODY = YES;
				CLANG_WARN_ENUM_CONVERSION = YES;
				CLANG_WARN_INFINITE_RECURSION = YES;
				CLANG_WARN_INT_CONVERSION = YES;
				CLANG_WARN_NON_LITERAL_NULL_CONVERSION = YES;
				CLANG_WARN_OBJC_IMPLICIT_RETAIN_SELF = YES;
				CLANG_WARN_OBJC_LITERAL_CONVERSION = YES;
				CLANG_WARN_OBJC_ROOT_CLASS = YES_ERROR;
				CLANG_WARN_QUOTED_INCLUDE_IN_FRAMEWORK_HEADER = YES;
				CLANG_WARN_RANGE_LOOP_ANALYSIS = YES;
				CLANG_WARN_STRICT_PROTOTYPES = YES;
				CLANG_WARN_SUSPICIOUS_MOVE = YES;
				CLANG_WARN_UNGUARDED_AVAILABILITY = YES_AGGRESSIVE;
				CLANG_WARN_UNREACHABLE_CODE = YES;
				CLANG_WARN__DUPLICATE_METHOD_MATCH = YES;
				COPY_PHASE_STRIP = NO;
				DEBUG_INFORMATION_FORMAT = "dwarf-with-dsym";
				ENABLE_NS_ASSERTIONS = NO;
				ENABLE_STRICT_OBJC_MSGSEND = YES;
				GCC_C_LANGUAGE_STANDARD = gnu11;
				GCC_NO_COMMON_BLOCKS = YES;
				GCC_WARN_64_TO_32_BIT_CONVERSION = YES;
				GCC_WARN_ABOUT_RETURN_TYPE = YES_ERROR;
				GCC_WARN_UNDECLARED_SELECTOR = YES;
				GCC_WARN_UNINITIALIZED_AUTOS = YES_AGGRESSIVE;
				GCC_WARN_UNUSED_FUNCTION = YES;
				GCC_WARN_UNUSED_VARIABLE = YES;
				IPHONEOS_DEPLOYMENT_TARGET = 16.2;
				MTL_ENABLE_DEBUG_INFO = NO;
				MTL_FAST_MATH = YES;
				SDKROOT = iphoneos;
				SWIFT_COMPILATION_MODE = wholemodule;
				SWIFT_OPTIMIZATION_LEVEL = "-O";
				VALIDATE_PRODUCT = YES;
			};
			name = Release;
		};
		2D26827D2981F728007CC4FE /* Debug */ = {
			isa = XCBuildConfiguration;
			buildSettings = {
				ASSETCATALOG_COMPILER_APPICON_NAME = AppIcon;
				ASSETCATALOG_COMPILER_GLOBAL_ACCENT_COLOR_NAME = AccentColor;
				CODE_SIGN_STYLE = Automatic;
				CURRENT_PROJECT_VERSION = 1;
				DEVELOPMENT_TEAM = HG8VJQPKXZ;
				GENERATE_INFOPLIST_FILE = YES;
				INFOPLIST_FILE = "CleanWay-GHFollowers/Resources/Info.plist";
				INFOPLIST_KEY_UIApplicationSupportsIndirectInputEvents = YES;
				INFOPLIST_KEY_UILaunchStoryboardName = LaunchScreen;
				INFOPLIST_KEY_UISupportedInterfaceOrientations = UIInterfaceOrientationPortrait;
				INFOPLIST_KEY_UISupportedInterfaceOrientations_iPad = "UIInterfaceOrientationLandscapeLeft UIInterfaceOrientationLandscapeRight UIInterfaceOrientationPortrait UIInterfaceOrientationPortraitUpsideDown";
				LD_RUNPATH_SEARCH_PATHS = (
					"$(inherited)",
					"@executable_path/Frameworks",
				);
				MARKETING_VERSION = 1.0;
				PRODUCT_BUNDLE_IDENTIFIER = "dev.nsemir.CleanWay-GHFollowers";
				PRODUCT_NAME = "$(TARGET_NAME)";
				SUPPORTED_PLATFORMS = "iphoneos iphonesimulator";
				SUPPORTS_MACCATALYST = NO;
				SUPPORTS_MAC_DESIGNED_FOR_IPHONE_IPAD = NO;
				SWIFT_EMIT_LOC_STRINGS = YES;
				SWIFT_VERSION = 5.0;
				TARGETED_DEVICE_FAMILY = 1;
			};
			name = Debug;
		};
		2D26827E2981F728007CC4FE /* Release */ = {
			isa = XCBuildConfiguration;
			buildSettings = {
				ASSETCATALOG_COMPILER_APPICON_NAME = AppIcon;
				ASSETCATALOG_COMPILER_GLOBAL_ACCENT_COLOR_NAME = AccentColor;
				CODE_SIGN_STYLE = Automatic;
				CURRENT_PROJECT_VERSION = 1;
				DEVELOPMENT_TEAM = HG8VJQPKXZ;
				GENERATE_INFOPLIST_FILE = YES;
				INFOPLIST_FILE = "CleanWay-GHFollowers/Resources/Info.plist";
				INFOPLIST_KEY_UIApplicationSupportsIndirectInputEvents = YES;
				INFOPLIST_KEY_UILaunchStoryboardName = LaunchScreen;
				INFOPLIST_KEY_UISupportedInterfaceOrientations = UIInterfaceOrientationPortrait;
				INFOPLIST_KEY_UISupportedInterfaceOrientations_iPad = "UIInterfaceOrientationLandscapeLeft UIInterfaceOrientationLandscapeRight UIInterfaceOrientationPortrait UIInterfaceOrientationPortraitUpsideDown";
				LD_RUNPATH_SEARCH_PATHS = (
					"$(inherited)",
					"@executable_path/Frameworks",
				);
				MARKETING_VERSION = 1.0;
				PRODUCT_BUNDLE_IDENTIFIER = "dev.nsemir.CleanWay-GHFollowers";
				PRODUCT_NAME = "$(TARGET_NAME)";
				SUPPORTED_PLATFORMS = "iphoneos iphonesimulator";
				SUPPORTS_MACCATALYST = NO;
				SUPPORTS_MAC_DESIGNED_FOR_IPHONE_IPAD = NO;
				SWIFT_EMIT_LOC_STRINGS = YES;
				SWIFT_VERSION = 5.0;
				TARGETED_DEVICE_FAMILY = 1;
			};
			name = Release;
		};
/* End XCBuildConfiguration section */

/* Begin XCConfigurationList section */
		2D2682632981F727007CC4FE /* Build configuration list for PBXProject "CleanWay-GHFollowers" */ = {
			isa = XCConfigurationList;
			buildConfigurations = (
				2D26827A2981F728007CC4FE /* Debug */,
				2D26827B2981F728007CC4FE /* Release */,
			);
			defaultConfigurationIsVisible = 0;
			defaultConfigurationName = Release;
		};
		2D26827C2981F728007CC4FE /* Build configuration list for PBXNativeTarget "CleanWay-GHFollowers" */ = {
			isa = XCConfigurationList;
			buildConfigurations = (
				2D26827D2981F728007CC4FE /* Debug */,
				2D26827E2981F728007CC4FE /* Release */,
			);
			defaultConfigurationIsVisible = 0;
			defaultConfigurationName = Release;
		};
/* End XCConfigurationList section */

/* Begin XCRemoteSwiftPackageReference section */
		2D2682902981FA7C007CC4FE /* XCRemoteSwiftPackageReference "SnapKit" */ = {
			isa = XCRemoteSwiftPackageReference;
			repositoryURL = "https://github.com/SnapKit/SnapKit.git";
			requirement = {
				kind = upToNextMajorVersion;
				minimumVersion = 5.0.0;
			};
		};
/* End XCRemoteSwiftPackageReference section */

/* Begin XCSwiftPackageProductDependency section */
		2D2682912981FA7C007CC4FE /* SnapKit */ = {
			isa = XCSwiftPackageProductDependency;
			package = 2D2682902981FA7C007CC4FE /* XCRemoteSwiftPackageReference "SnapKit" */;
			productName = SnapKit;
		};
/* End XCSwiftPackageProductDependency section */
	};
	rootObject = 2D2682602981F727007CC4FE /* Project object */;
}
